
Microsoft Visual Studio Solution File, Format Version 12.00
# Visual Studio Version 17
VisualStudioVersion = 17.7.34024.191
MinimumVisualStudioVersion = 10.0.40219.1
Project("{9A19103F-16F7-4668-BE54-9A1E7A4F7556}") = "Recuperatorio primer parcial", "Recuperatorio primer parcial\Recuperatorio primer parcial.csproj", "{F954FCFA-88F9-4B7A-9FF4-378F638EE727}"
EndProject
Project("{FAE04EC0-301F-11D3-BF4B-00C04F79EFBC}") = "FabricaDeVehiculos", "FabricaDeVehiculos\FabricaDeVehiculos.csproj", "{12774630-3705-4AB2-99F9-13B22BA0DAE8}"
EndProject
Global
	GlobalSection(SolutionConfigurationPlatforms) = preSolution
		Debug|Any CPU = Debug|Any CPU
		Release|Any CPU = Release|Any CPU
	EndGlobalSection
	GlobalSection(ProjectConfigurationPlatforms) = postSolution
		{F954FCFA-88F9-4B7A-9FF4-378F638EE727}.Debug|Any CPU.ActiveCfg = Debug|Any CPU
		{F954FCFA-88F9-4B7A-9FF4-378F638EE727}.Debug|Any CPU.Build.0 = Debug|Any CPU
		{F954FCFA-88F9-4B7A-9FF4-378F638EE727}.Release|Any CPU.ActiveCfg = Release|Any CPU
		{F954FCFA-88F9-4B7A-9FF4-378F638EE727}.Release|Any CPU.Build.0 = Release|Any CPU
		{12774630-3705-4AB2-99F9-13B22BA0DAE8}.Debug|Any CPU.ActiveCfg = Debug|Any CPU
		{12774630-3705-4AB2-99F9-13B22BA0DAE8}.Debug|Any CPU.Build.0 = Debug|Any CPU
		{12774630-3705-4AB2-99F9-13B22BA0DAE8}.Release|Any CPU.ActiveCfg = Release|Any CPU
		{12774630-3705-4AB2-99F9-13B22BA0DAE8}.Release|Any CPU.Build.0 = Release|Any CPU
	EndGlobalSection
	GlobalSection(SolutionProperties) = preSolution
		HideSolutionNode = FALSE
	EndGlobalSection
	GlobalSection(ExtensibilityGlobals) = postSolution
		SolutionGuid = {7A32F9FE-4717-4D10-A0FA-DFFB91C7FB4B}
	EndGlobalSection
EndGlobal
